{
  "nodes": {
    "flake-utils": {
      "locked": {
        "lastModified": 1622445595,
        "narHash": "sha256-m+JRe6Wc5OZ/mKw2bB3+Tl0ZbtyxxxfnAWln8Q5qs+Y=",
        "owner": "numtide",
        "repo": "flake-utils",
        "rev": "7d706970d94bc5559077eb1a6600afddcd25a7c8",
        "type": "github"
      },
      "original": {
        "owner": "numtide",
        "repo": "flake-utils",
        "type": "github"
      }
    },
    "flake-utils_2": {
      "locked": {
        "lastModified": 1642700792,
        "narHash": "sha256-XqHrk7hFb+zBvRg6Ghl+AZDq03ov6OshJLiSWOoX5es=",
        "owner": "numtide",
        "repo": "flake-utils",
        "rev": "846b2ae0fc4cc943637d3d1def4454213e203cba",
        "type": "github"
      },
      "original": {
        "owner": "numtide",
        "repo": "flake-utils",
        "type": "github"
      }
    },
    "nixpkgs": {
      "locked": {
        "lastModified": 1639584099,
        "narHash": "sha256-3UioSxWXcXMoq3YV6i7nl3DWpKX2xA3ogYnqynPBk2w=",
        "owner": "nixos",
        "repo": "nixpkgs",
        "rev": "9367ef512d32a3c8b9e1d2b75ba5134de48d86ed",
        "type": "github"
      },
      "original": {
        "owner": "nixos",
        "ref": "release-21.11",
        "repo": "nixpkgs",
        "type": "github"
      }
    },
    "root": {
      "inputs": {
        "flake-utils": "flake-utils",
        "waypoint": "waypoint"
      }
    },
    "waypoint": {
      "inputs": {
        "flake-utils": "flake-utils_2",
        "nixpkgs": "nixpkgs"
      },
      "locked": {
        "lastModified": 1650980284,
        "narHash": "sha256-lZk6wd77+LwBwqhi19tn6IkjfORjmXOHdSAnrF2SLlo=",
        "owner": "hashicorp",
        "repo": "waypoint",
        "rev": "3b57b19eadc68a0a358a1d4a7f9dad864121d134",
        "type": "github"
      },
      "original": {
        "owner": "hashicorp",
        "repo": "waypoint",
        "type": "github"
      }
    }
  },
  "root": "root",
  "version": 7
}
